
Microsoft Visual Studio Solution File, Format Version 12.00
# Visual Studio 14
VisualStudioVersion = 14.0.25123.0
MinimumVisualStudioVersion = 10.0.40219.1
Project("{FAE04EC0-301F-11D3-BF4B-00C04F79EFBC}") = "Cryptography", "Cryptography\Cryptography.csproj", "{2922B280-A825-47EB-A331-F43F4E689EE8}"
EndProject
Project("{FAE04EC0-301F-11D3-BF4B-00C04F79EFBC}") = "Caesar", "Caesar\Caesar.csproj", "{F3A524AC-1F7E-470F-8D16-3D53A479D155}"
EndProject
Project("{FAE04EC0-301F-11D3-BF4B-00C04F79EFBC}") = "Vigenere", "Vigenere\Vigenere.csproj", "{3F79B861-320A-4D88-A376-E9C3EEEA9289}"
EndProject
Project("{FAE04EC0-301F-11D3-BF4B-00C04F79EFBC}") = "Atbash", "Atbash\Atbash.csproj", "{A01D1122-3780-4EB0-AFF1-065A8A0D4E4E}"
EndProject
Project("{FAE04EC0-301F-11D3-BF4B-00C04F79EFBC}") = "A1Z26", "A1Z26\A1Z26.csproj", "{5371E2E5-814A-4BC7-A3F3-8AD7EFDF8725}"
EndProject
Global
	GlobalSection(SolutionConfigurationPlatforms) = preSolution
		Debug|Any CPU = Debug|Any CPU
		Debug|ARM = Debug|ARM
		Debug|x64 = Debug|x64
		Debug|x86 = Debug|x86
		Release|Any CPU = Release|Any CPU
		Release|ARM = Release|ARM
		Release|x64 = Release|x64
		Release|x86 = Release|x86
	EndGlobalSection
	GlobalSection(ProjectConfigurationPlatforms) = postSolution
		{2922B280-A825-47EB-A331-F43F4E689EE8}.Debug|Any CPU.ActiveCfg = Debug|Any CPU
		{2922B280-A825-47EB-A331-F43F4E689EE8}.Debug|Any CPU.Build.0 = Debug|Any CPU
		{2922B280-A825-47EB-A331-F43F4E689EE8}.Debug|Any CPU.Deploy.0 = Debug|Any CPU
		{2922B280-A825-47EB-A331-F43F4E689EE8}.Debug|ARM.ActiveCfg = Debug|ARM
		{2922B280-A825-47EB-A331-F43F4E689EE8}.Debug|ARM.Build.0 = Debug|ARM
		{2922B280-A825-47EB-A331-F43F4E689EE8}.Debug|ARM.Deploy.0 = Debug|ARM
		{2922B280-A825-47EB-A331-F43F4E689EE8}.Debug|x64.ActiveCfg = Debug|Any CPU
		{2922B280-A825-47EB-A331-F43F4E689EE8}.Debug|x64.Build.0 = Debug|Any CPU
		{2922B280-A825-47EB-A331-F43F4E689EE8}.Debug|x64.Deploy.0 = Debug|Any CPU
		{2922B280-A825-47EB-A331-F43F4E689EE8}.Debug|x86.ActiveCfg = Debug|x86
		{2922B280-A825-47EB-A331-F43F4E689EE8}.Debug|x86.Build.0 = Debug|x86
		{2922B280-A825-47EB-A331-F43F4E689EE8}.Debug|x86.Deploy.0 = Debug|x86
		{2922B280-A825-47EB-A331-F43F4E689EE8}.Release|Any CPU.ActiveCfg = Release|Any CPU
		{2922B280-A825-47EB-A331-F43F4E689EE8}.Release|Any CPU.Build.0 = Release|Any CPU
		{2922B280-A825-47EB-A331-F43F4E689EE8}.Release|Any CPU.Deploy.0 = Release|Any CPU
		{2922B280-A825-47EB-A331-F43F4E689EE8}.Release|ARM.ActiveCfg = Release|ARM
		{2922B280-A825-47EB-A331-F43F4E689EE8}.Release|ARM.Build.0 = Release|ARM
		{2922B280-A825-47EB-A331-F43F4E689EE8}.Release|ARM.Deploy.0 = Release|ARM
		{2922B280-A825-47EB-A331-F43F4E689EE8}.Release|x64.ActiveCfg = Release|Any CPU
		{2922B280-A825-47EB-A331-F43F4E689EE8}.Release|x64.Build.0 = Release|Any CPU
		{2922B280-A825-47EB-A331-F43F4E689EE8}.Release|x64.Deploy.0 = Release|Any CPU
		{2922B280-A825-47EB-A331-F43F4E689EE8}.Release|x86.ActiveCfg = Release|x86
		{2922B280-A825-47EB-A331-F43F4E689EE8}.Release|x86.Build.0 = Release|x86
		{2922B280-A825-47EB-A331-F43F4E689EE8}.Release|x86.Deploy.0 = Release|x86
		{F3A524AC-1F7E-470F-8D16-3D53A479D155}.Debug|Any CPU.ActiveCfg = Debug|Any CPU
		{F3A524AC-1F7E-470F-8D16-3D53A479D155}.Debug|Any CPU.Build.0 = Debug|Any CPU
		{F3A524AC-1F7E-470F-8D16-3D53A479D155}.Debug|Any CPU.Deploy.0 = Debug|Any CPU
		{F3A524AC-1F7E-470F-8D16-3D53A479D155}.Debug|ARM.ActiveCfg = Debug|ARM
		{F3A524AC-1F7E-470F-8D16-3D53A479D155}.Debug|ARM.Build.0 = Debug|ARM
		{F3A524AC-1F7E-470F-8D16-3D53A479D155}.Debug|ARM.Deploy.0 = Debug|ARM
		{F3A524AC-1F7E-470F-8D16-3D53A479D155}.Debug|x64.ActiveCfg = Debug|Any CPU
		{F3A524AC-1F7E-470F-8D16-3D53A479D155}.Debug|x64.Build.0 = Debug|Any CPU
		{F3A524AC-1F7E-470F-8D16-3D53A479D155}.Debug|x64.Deploy.0 = Debug|Any CPU
		{F3A524AC-1F7E-470F-8D16-3D53A479D155}.Debug|x86.ActiveCfg = Debug|x86
		{F3A524AC-1F7E-470F-8D16-3D53A479D155}.Debug|x86.Build.0 = Debug|x86
		{F3A524AC-1F7E-470F-8D16-3D53A479D155}.Debug|x86.Deploy.0 = Debug|x86
		{F3A524AC-1F7E-470F-8D16-3D53A479D155}.Release|Any CPU.ActiveCfg = Release|Any CPU
		{F3A524AC-1F7E-470F-8D16-3D53A479D155}.Release|Any CPU.Build.0 = Release|Any CPU
		{F3A524AC-1F7E-470F-8D16-3D53A479D155}.Release|Any CPU.Deploy.0 = Release|Any CPU
		{F3A524AC-1F7E-470F-8D16-3D53A479D155}.Release|ARM.ActiveCfg = Release|ARM
		{F3A524AC-1F7E-470F-8D16-3D53A479D155}.Release|ARM.Build.0 = Release|ARM
		{F3A524AC-1F7E-470F-8D16-3D53A479D155}.Release|ARM.Deploy.0 = Release|ARM
		{F3A524AC-1F7E-470F-8D16-3D53A479D155}.Release|x64.ActiveCfg = Release|Any CPU
		{F3A524AC-1F7E-470F-8D16-3D53A479D155}.Release|x64.Build.0 = Release|Any CPU
		{F3A524AC-1F7E-470F-8D16-3D53A479D155}.Release|x64.Deploy.0 = Release|Any CPU
		{F3A524AC-1F7E-470F-8D16-3D53A479D155}.Release|x86.ActiveCfg = Release|x86
		{F3A524AC-1F7E-470F-8D16-3D53A479D155}.Release|x86.Build.0 = Release|x86
		{F3A524AC-1F7E-470F-8D16-3D53A479D155}.Release|x86.Deploy.0 = Release|x86
		{3F79B861-320A-4D88-A376-E9C3EEEA9289}.Debug|Any CPU.ActiveCfg = Debug|x86
		{3F79B861-320A-4D88-A376-E9C3EEEA9289}.Debug|ARM.ActiveCfg = Debug|ARM
		{3F79B861-320A-4D88-A376-E9C3EEEA9289}.Debug|ARM.Build.0 = Debug|ARM
		{3F79B861-320A-4D88-A376-E9C3EEEA9289}.Debug|ARM.Deploy.0 = Debug|ARM
		{3F79B861-320A-4D88-A376-E9C3EEEA9289}.Debug|x64.ActiveCfg = Debug|x64
		{3F79B861-320A-4D88-A376-E9C3EEEA9289}.Debug|x64.Build.0 = Debug|x64
		{3F79B861-320A-4D88-A376-E9C3EEEA9289}.Debug|x64.Deploy.0 = Debug|x64
		{3F79B861-320A-4D88-A376-E9C3EEEA9289}.Debug|x86.ActiveCfg = Debug|x86
		{3F79B861-320A-4D88-A376-E9C3EEEA9289}.Debug|x86.Build.0 = Debug|x86
		{3F79B861-320A-4D88-A376-E9C3EEEA9289}.Debug|x86.Deploy.0 = Debug|x86
		{3F79B861-320A-4D88-A376-E9C3EEEA9289}.Release|Any CPU.ActiveCfg = Release|x86
		{3F79B861-320A-4D88-A376-E9C3EEEA9289}.Release|ARM.ActiveCfg = Release|ARM
		{3F79B861-320A-4D88-A376-E9C3EEEA9289}.Release|ARM.Build.0 = Release|ARM
		{3F79B861-320A-4D88-A376-E9C3EEEA9289}.Release|ARM.Deploy.0 = Release|ARM
		{3F79B861-320A-4D88-A376-E9C3EEEA9289}.Release|x64.ActiveCfg = Release|x64
		{3F79B861-320A-4D88-A376-E9C3EEEA9289}.Release|x64.Build.0 = Release|x64
		{3F79B861-320A-4D88-A376-E9C3EEEA9289}.Release|x64.Deploy.0 = Release|x64
		{3F79B861-320A-4D88-A376-E9C3EEEA9289}.Release|x86.ActiveCfg = Release|x86
		{3F79B861-320A-4D88-A376-E9C3EEEA9289}.Release|x86.Build.0 = Release|x86
		{3F79B861-320A-4D88-A376-E9C3EEEA9289}.Release|x86.Deploy.0 = Release|x86
		{A01D1122-3780-4EB0-AFF1-065A8A0D4E4E}.Debug|Any CPU.ActiveCfg = Debug|Any CPU
		{A01D1122-3780-4EB0-AFF1-065A8A0D4E4E}.Debug|Any CPU.Build.0 = Debug|Any CPU
		{A01D1122-3780-4EB0-AFF1-065A8A0D4E4E}.Debug|Any CPU.Deploy.0 = Debug|Any CPU
		{A01D1122-3780-4EB0-AFF1-065A8A0D4E4E}.Debug|ARM.ActiveCfg = Debug|ARM
		{A01D1122-3780-4EB0-AFF1-065A8A0D4E4E}.Debug|ARM.Build.0 = Debug|ARM
		{A01D1122-3780-4EB0-AFF1-065A8A0D4E4E}.Debug|ARM.Deploy.0 = Debug|ARM
		{A01D1122-3780-4EB0-AFF1-065A8A0D4E4E}.Debug|x64.ActiveCfg = Debug|Any CPU
		{A01D1122-3780-4EB0-AFF1-065A8A0D4E4E}.Debug|x64.Build.0 = Debug|Any CPU
		{A01D1122-3780-4EB0-AFF1-065A8A0D4E4E}.Debug|x64.Deploy.0 = Debug|Any CPU
		{A01D1122-3780-4EB0-AFF1-065A8A0D4E4E}.Debug|x86.ActiveCfg = Debug|x86
		{A01D1122-3780-4EB0-AFF1-065A8A0D4E4E}.Debug|x86.Build.0 = Debug|x86
		{A01D1122-3780-4EB0-AFF1-065A8A0D4E4E}.Debug|x86.Deploy.0 = Debug|x86
		{A01D1122-3780-4EB0-AFF1-065A8A0D4E4E}.Release|Any CPU.ActiveCfg = Release|Any CPU
		{A01D1122-3780-4EB0-AFF1-065A8A0D4E4E}.Release|Any CPU.Build.0 = Release|Any CPU
		{A01D1122-3780-4EB0-AFF1-065A8A0D4E4E}.Release|Any CPU.Deploy.0 = Release|Any CPU
		{A01D1122-3780-4EB0-AFF1-065A8A0D4E4E}.Release|ARM.ActiveCfg = Release|ARM
		{A01D1122-3780-4EB0-AFF1-065A8A0D4E4E}.Release|ARM.Build.0 = Release|ARM
		{A01D1122-3780-4EB0-AFF1-065A8A0D4E4E}.Release|ARM.Deploy.0 = Release|ARM
		{A01D1122-3780-4EB0-AFF1-065A8A0D4E4E}.Release|x64.ActiveCfg = Release|Any CPU
		{A01D1122-3780-4EB0-AFF1-065A8A0D4E4E}.Release|x64.Build.0 = Release|Any CPU
		{A01D1122-3780-4EB0-AFF1-065A8A0D4E4E}.Release|x64.Deploy.0 = Release|Any CPU
		{A01D1122-3780-4EB0-AFF1-065A8A0D4E4E}.Release|x86.ActiveCfg = Release|x86
		{A01D1122-3780-4EB0-AFF1-065A8A0D4E4E}.Release|x86.Build.0 = Release|x86
		{A01D1122-3780-4EB0-AFF1-065A8A0D4E4E}.Release|x86.Deploy.0 = Release|x86
		{5371E2E5-814A-4BC7-A3F3-8AD7EFDF8725}.Debug|Any CPU.ActiveCfg = Debug|Any CPU
		{5371E2E5-814A-4BC7-A3F3-8AD7EFDF8725}.Debug|Any CPU.Build.0 = Debug|Any CPU
		{5371E2E5-814A-4BC7-A3F3-8AD7EFDF8725}.Debug|Any CPU.Deploy.0 = Debug|Any CPU
		{5371E2E5-814A-4BC7-A3F3-8AD7EFDF8725}.Debug|ARM.ActiveCfg = Debug|ARM
		{5371E2E5-814A-4BC7-A3F3-8AD7EFDF8725}.Debug|ARM.Build.0 = Debug|ARM
		{5371E2E5-814A-4BC7-A3F3-8AD7EFDF8725}.Debug|ARM.Deploy.0 = Debug|ARM
		{5371E2E5-814A-4BC7-A3F3-8AD7EFDF8725}.Debug|x64.ActiveCfg = Debug|Any CPU
		{5371E2E5-814A-4BC7-A3F3-8AD7EFDF8725}.Debug|x64.Build.0 = Debug|Any CPU
		{5371E2E5-814A-4BC7-A3F3-8AD7EFDF8725}.Debug|x64.Deploy.0 = Debug|Any CPU
		{5371E2E5-814A-4BC7-A3F3-8AD7EFDF8725}.Debug|x86.ActiveCfg = Debug|x86
		{5371E2E5-814A-4BC7-A3F3-8AD7EFDF8725}.Debug|x86.Build.0 = Debug|x86
		{5371E2E5-814A-4BC7-A3F3-8AD7EFDF8725}.Debug|x86.Deploy.0 = Debug|x86
		{5371E2E5-814A-4BC7-A3F3-8AD7EFDF8725}.Release|Any CPU.ActiveCfg = Release|Any CPU
		{5371E2E5-814A-4BC7-A3F3-8AD7EFDF8725}.Release|Any CPU.Build.0 = Release|Any CPU
		{5371E2E5-814A-4BC7-A3F3-8AD7EFDF8725}.Release|Any CPU.Deploy.0 = Release|Any CPU
		{5371E2E5-814A-4BC7-A3F3-8AD7EFDF8725}.Release|ARM.ActiveCfg = Release|ARM
		{5371E2E5-814A-4BC7-A3F3-8AD7EFDF8725}.Release|ARM.Build.0 = Release|ARM
		{5371E2E5-814A-4BC7-A3F3-8AD7EFDF8725}.Release|ARM.Deploy.0 = Release|ARM
		{5371E2E5-814A-4BC7-A3F3-8AD7EFDF8725}.Release|x64.ActiveCfg = Release|Any CPU
		{5371E2E5-814A-4BC7-A3F3-8AD7EFDF8725}.Release|x64.Build.0 = Release|Any CPU
		{5371E2E5-814A-4BC7-A3F3-8AD7EFDF8725}.Release|x64.Deploy.0 = Release|Any CPU
		{5371E2E5-814A-4BC7-A3F3-8AD7EFDF8725}.Release|x86.ActiveCfg = Release|x86
		{5371E2E5-814A-4BC7-A3F3-8AD7EFDF8725}.Release|x86.Build.0 = Release|x86
		{5371E2E5-814A-4BC7-A3F3-8AD7EFDF8725}.Release|x86.Deploy.0 = Release|x86
	EndGlobalSection
	GlobalSection(SolutionProperties) = preSolution
		HideSolutionNode = FALSE
	EndGlobalSection
EndGlobal
